{
  "pins" : [
    {
      "identity" : "facebook-ios-sdk",
      "kind" : "remoteSourceControl",
      "location" : "https://github.com/facebook/facebook-ios-sdk",
      "state" : {
        "revision" : "c19607d535864533523d1f437c84035e5fb101cf",
        "version" : "14.1.0"
      }
    },
    {
      "identity" : "gadutil",
      "kind" : "remoteSourceControl",
      "location" : "https://github.com/yj9294/gadutil.git",
      "state" : {
        "branch" : "main",
        "revision" : "5e5993639b5572fa38d2454e66937aeee9e0c9b6"
      }
    },
    {
      "identity" : "googleappmeasurement",
      "kind" : "remoteSourceControl",
      "location" : "https://github.com/google/GoogleAppMeasurement.git",
      "state" : {
        "revision" : "c1cfde8067668027b23a42c29d11c246152fe046",
        "version" : "9.6.0"
      }
    },
    {
      "identity" : "googlemobileads",
      "kind" : "remoteSourceControl",
      "location" : "https://github.com/quanghits/GoogleMobileAds",
      "state" : {
        "branch" : "main",
        "revision" : "271e6d6bc1d7756a88fe82df558145a264a34331"
      }
    },
    {
      "identity" : "googleusermessagingplatform",
      "kind" : "remoteSourceControl",
      "location" : "https://github.com/quanghits/GoogleUserMessagingPlatform.git",
      "state" : {
        "revision" : "f322d91b6b0497b727b228a5fa5b9394e7886d3a",
        "version" : "2.0.0"
      }
    },
    {
      "identity" : "googleutilities",
      "kind" : "remoteSourceControl",
      "location" : "https://github.com/google/GoogleUtilities.git",
      "state" : {
        "revision" : "26c898aed8bed13b8a63057ee26500abbbcb8d55",
        "version" : "7.13.1"
      }
    },
    {
      "identity" : "nanopb",
      "kind" : "remoteSourceControl",
      "location" : "https://github.com/firebase/nanopb.git",
      "state" : {
        "revision" : "819d0a2173aff699fb8c364b6fb906f7cdb1a692",
        "version" : "2.30909.0"
      }
    },
    {
      "identity" : "promises",
      "kind" : "remoteSourceControl",
      "location" : "https://github.com/google/promises.git",
      "state" : {
        "revision" : "540318ecedd63d883069ae7f1ed811a2df00b6ac",
        "version" : "2.4.0"
      }
    },
    {
      "identity" : "snapkit",
      "kind" : "remoteSourceControl",
      "location" : "https://github.com/SnapKit/SnapKit",
      "state" : {
        "revision" : "e74fe2a978d1216c3602b129447c7301573cc2d8",
        "version" : "5.7.0"
      }
    }
  ],
  "version" : 2
}
